Microsoft Visual Studio Solution File, Format Version 12.00
# Visual Studio Version 17
VisualStudioVersion = 17.12.35707.178
MinimumVisualStudioVersion = 10.0.40219.1
Project("{FAE04EC0-301F-11D3-BF4B-00C04F79EFBC}") = "Qian.BarcodeScanner.WPF", "Qian.BarcodeScanner.WPF\Qian.BarcodeScanner.WPF.csproj", "{742A414A-7ACC-48B5-B9BB-B53CB67C28F3}"
EndProject
Project("{FAE04EC0-301F-11D3-BF4B-00C04F79EFBC}") = "Qian.BarcodeScanner.WPFDemo", "Qian.BarcodeScanner.WPFDemo\Qian.BarcodeScanner.WPFDemo.csproj", "{6326C691-BAFF-475F-9BBC-343F95584EB7}"
EndProject
Global
	GlobalSection(SolutionConfigurationPlatforms) = preSolution
		Debug|Any CPU = Debug|Any CPU
		Release|Any CPU = Release|Any CPU
	EndGlobalSection
	GlobalSection(ProjectConfigurationPlatforms) = postSolution
		{742A414A-7ACC-48B5-B9BB-B53CB67C28F3}.Debug|Any CPU.ActiveCfg = Debug|Any CPU
		{742A414A-7ACC-48B5-B9BB-B53CB67C28F3}.Debug|Any CPU.Build.0 = Debug|Any CPU
		{742A414A-7ACC-48B5-B9BB-B53CB67C28F3}.Release|Any CPU.ActiveCfg = Release|Any CPU
		{742A414A-7ACC-48B5-B9BB-B53CB67C28F3}.Release|Any CPU.Build.0 = Release|Any CPU
		{6326C691-BAFF-475F-9BBC-343F95584EB7}.Debug|Any CPU.ActiveCfg = Debug|Any CPU
		{6326C691-BAFF-475F-9BBC-343F95584EB7}.Debug|Any CPU.Build.0 = Debug|Any CPU
		{6326C691-BAFF-475F-9BBC-343F95584EB7}.Release|Any CPU.ActiveCfg = Release|Any CPU
		{6326C691-BAFF-475F-9BBC-343F95584EB7}.Release|Any CPU.Build.0 = Release|Any CPU
	EndGlobalSection
	GlobalSection(SolutionProperties) = preSolution
		HideSolutionNode = FALSE
	EndGlobalSection
EndGlobal
